<?xml version="1.0" encoding="utf-8"?>
<Project ToolsVersion="4.0" xmlns="http://schemas.microsoft.com/developer/msbuild/2003">
  <ItemGroup>
    <Filter Include="源文件">
      <UniqueIdentifier>{4FC737F1-C7A5-4376-A066-2A32D752A2FF}</UniqueIdentifier>
      <Extensions>cpp;c;cc;cxx;def;odl;idl;hpj;bat;asm;asmx</Extensions>
    </Filter>
    <Filter Include="头文件">
      <UniqueIdentifier>{93995380-89BD-4b04-88EB-625FBE52EBFB}</UniqueIdentifier>
      <Extensions>h;hh;hpp;hxx;hm;inl;inc;ipp;xsd</Extensions>
    </Filter>
    <Filter Include="资源文件">
      <UniqueIdentifier>{67DA6AB6-F800-4c08-8B7A-83BB121AAD01}</UniqueIdentifier>
      <Extensions>rc;ico;cur;bmp;dlg;rc2;rct;bin;rgs;gif;jpg;jpeg;jpe;resx;tiff;tif;png;wav;mfcribbon-ms</Extensions>
    </Filter>
  </ItemGroup>
  <ItemGroup>
    <ClInclude Include="MapCreater.h">
      <Filter>头文件</Filter>
    </ClInclude>
    <ClInclude Include="stdafx.h">
      <Filter>头文件</Filter>
    </ClInclude>
    <ClInclude Include="targetver.h">
      <Filter>头文件</Filter>
    </ClInclude>
    <ClInclude Include="MainFrm.h">
      <Filter>头文件</Filter>
    </ClInclude>
    <ClInclude Include="MapCreaterDoc.h">
      <Filter>头文件</Filter>
    </ClInclude>
    <ClInclude Include="MapCreaterView.h">
      <Filter>头文件</Filter>
    </ClInclude>
    <ClInclude Include="Resource.h">
      <Filter>头文件</Filter>
    </ClInclude>
    <ClInclude Include="CGraph.h">
      <Filter>头文件</Filter>
    </ClInclude>
    <ClInclude Include="CGraphicBackground.h">
      <Filter>头文件</Filter>
    </ClInclude>
    <ClInclude Include="CGraphicAGV.h">
      <Filter>头文件</Filter>
    </ClInclude>
    <ClInclude Include="CGraphicMark.h">
      <Filter>头文件</Filter>
    </ClInclude>
    <ClInclude Include="CGraphicStation.h">
      <Filter>头文件</Filter>
    </ClInclude>
    <ClInclude Include="CGraphicCharger.h">
      <Filter>头文件</Filter>
    </ClInclude>
    <ClInclude Include="CGraphicRest.h">
      <Filter>头文件</Filter>
    </ClInclude>
    <ClInclude Include="CGraphicTrack.h">
      <Filter>头文件</Filter>
    </ClInclude>
    <ClInclude Include="CSetMarkDlg.h">
      <Filter>头文件</Filter>
    </ClInclude>
    <ClInclude Include="CSetStationDlg.h">
      <Filter>头文件</Filter>
    </ClInclude>
    <ClInclude Include="CSetChargerDlg.h">
      <Filter>头文件</Filter>
    </ClInclude>
    <ClInclude Include="CSetRestDlg.h">
      <Filter>头文件</Filter>
    </ClInclude>
    <ClInclude Include="CMarkListDlg.h">
      <Filter>头文件</Filter>
    </ClInclude>
    <ClInclude Include="CStationListDlg.h">
      <Filter>头文件</Filter>
    </ClInclude>
    <ClInclude Include="CMapTabDlg.h">
      <Filter>头文件</Filter>
    </ClInclude>
    <ClInclude Include="CMapTabPane.h">
      <Filter>头文件</Filter>
    </ClInclude>
    <ClInclude Include="CRestListDlg.h">
      <Filter>头文件</Filter>
    </ClInclude>
    <ClInclude Include="CChargerListDlg.h">
      <Filter>头文件</Filter>
    </ClInclude>
    <ClInclude Include="CDeviceTabDlg.h">
      <Filter>头文件</Filter>
    </ClInclude>
    <ClInclude Include="CDeviceTabPane.h">
      <Filter>头文件</Filter>
    </ClInclude>
    <ClInclude Include="CPathTabDlg.h">
      <Filter>头文件</Filter>
    </ClInclude>
    <ClInclude Include="CPathTabPane.h">
      <Filter>头文件</Filter>
    </ClInclude>
    <ClInclude Include="CAGVListDlg.h">
      <Filter>头文件</Filter>
    </ClInclude>
    <ClInclude Include="CSetAGVDlg.h">
      <Filter>头文件</Filter>
    </ClInclude>
    <ClInclude Include="tinystr.h">
      <Filter>头文件</Filter>
    </ClInclude>
    <ClInclude Include="tinyxml.h">
      <Filter>头文件</Filter>
    </ClInclude>
    <ClInclude Include="Xml.h">
      <Filter>头文件</Filter>
    </ClInclude>
    <ClInclude Include="CTVListDlg.h">
      <Filter>头文件</Filter>
    </ClInclude>
    <ClInclude Include="CSetTVDlg.h">
      <Filter>头文件</Filter>
    </ClInclude>
    <ClInclude Include="CChargerCtrlListDlg.h">
      <Filter>头文件</Filter>
    </ClInclude>
    <ClInclude Include="CSetChargerCtrlDlg.h">
      <Filter>头文件</Filter>
    </ClInclude>
    <ClInclude Include="CCAListDlg.h">
      <Filter>头文件</Filter>
    </ClInclude>
    <ClInclude Include="CSetCADlg.h">
      <Filter>头文件</Filter>
    </ClInclude>
    <ClInclude Include="CSetTrafficDlg.h">
      <Filter>头文件</Filter>
    </ClInclude>
    <ClInclude Include="CTrafficListDlg.h">
      <Filter>头文件</Filter>
    </ClInclude>
    <ClInclude Include="CSetRestQueueDlg.h">
      <Filter>头文件</Filter>
    </ClInclude>
    <ClInclude Include="CRestQueueListDlg.h">
      <Filter>头文件</Filter>
    </ClInclude>
    <ClInclude Include="CSetCallDlg.h">
      <Filter>头文件</Filter>
    </ClInclude>
    <ClInclude Include="CCallListDlg.h">
      <Filter>头文件</Filter>
    </ClInclude>
    <ClInclude Include="CSetWatchDlg.h">
      <Filter>头文件</Filter>
    </ClInclude>
    <ClInclude Include="CWatchListDlg.h">
      <Filter>头文件</Filter>
    </ClInclude>
  </ItemGroup>
  <ItemGroup>
    <ClCompile Include="MapCreater.cpp">
      <Filter>源文件</Filter>
    </ClCompile>
    <ClCompile Include="stdafx.cpp">
      <Filter>源文件</Filter>
    </ClCompile>
    <ClCompile Include="MainFrm.cpp">
      <Filter>源文件</Filter>
    </ClCompile>
    <ClCompile Include="MapCreaterDoc.cpp">
      <Filter>源文件</Filter>
    </ClCompile>
    <ClCompile Include="MapCreaterView.cpp">
      <Filter>源文件</Filter>
    </ClCompile>
    <ClCompile Include="CGraph.cpp">
      <Filter>源文件</Filter>
    </ClCompile>
    <ClCompile Include="CGraphicBackground.cpp">
      <Filter>源文件</Filter>
    </ClCompile>
    <ClCompile Include="CGraphicAGV.cpp">
      <Filter>源文件</Filter>
    </ClCompile>
    <ClCompile Include="CGraphicMark.cpp">
      <Filter>源文件</Filter>
    </ClCompile>
    <ClCompile Include="CGraphicStation.cpp">
      <Filter>源文件</Filter>
    </ClCompile>
    <ClCompile Include="CGraphicCharger.cpp">
      <Filter>源文件</Filter>
    </ClCompile>
    <ClCompile Include="CGraphicRest.cpp">
      <Filter>源文件</Filter>
    </ClCompile>
    <ClCompile Include="CGraphicTrack.cpp">
      <Filter>源文件</Filter>
    </ClCompile>
    <ClCompile Include="CSetMarkDlg.cpp">
      <Filter>源文件</Filter>
    </ClCompile>
    <ClCompile Include="CSetStationDlg.cpp">
      <Filter>源文件</Filter>
    </ClCompile>
    <ClCompile Include="CSetChargerDlg.cpp">
      <Filter>源文件</Filter>
    </ClCompile>
    <ClCompile Include="CSetRestDlg.cpp">
      <Filter>源文件</Filter>
    </ClCompile>
    <ClCompile Include="CMarkListDlg.cpp">
      <Filter>源文件</Filter>
    </ClCompile>
    <ClCompile Include="CStationListDlg.cpp">
      <Filter>源文件</Filter>
    </ClCompile>
    <ClCompile Include="CMapTabDlg.cpp">
      <Filter>源文件</Filter>
    </ClCompile>
    <ClCompile Include="CMapTabPane.cpp">
      <Filter>源文件</Filter>
    </ClCompile>
    <ClCompile Include="CRestListDlg.cpp">
      <Filter>源文件</Filter>
    </ClCompile>
    <ClCompile Include="CChargerListDlg.cpp">
      <Filter>源文件</Filter>
    </ClCompile>
    <ClCompile Include="CDeviceTabDlg.cpp">
      <Filter>源文件</Filter>
    </ClCompile>
    <ClCompile Include="CDeviceTabPane.cpp">
      <Filter>源文件</Filter>
    </ClCompile>
    <ClCompile Include="CPathTabDlg.cpp">
      <Filter>源文件</Filter>
    </ClCompile>
    <ClCompile Include="CPathTabPane.cpp">
      <Filter>源文件</Filter>
    </ClCompile>
    <ClCompile Include="CAGVListDlg.cpp">
      <Filter>源文件</Filter>
    </ClCompile>
    <ClCompile Include="CSetAGVDlg.cpp">
      <Filter>源文件</Filter>
    </ClCompile>
    <ClCompile Include="tinystr.cpp">
      <Filter>源文件</Filter>
    </ClCompile>
    <ClCompile Include="tinyxml.cpp">
      <Filter>源文件</Filter>
    </ClCompile>
    <ClCompile Include="tinyxmlerror.cpp">
      <Filter>源文件</Filter>
    </ClCompile>
    <ClCompile Include="tinyxmlparser.cpp">
      <Filter>源文件</Filter>
    </ClCompile>
    <ClCompile Include="CTVListDlg.cpp">
      <Filter>源文件</Filter>
    </ClCompile>
    <ClCompile Include="CSetTVDlg.cpp">
      <Filter>源文件</Filter>
    </ClCompile>
    <ClCompile Include="CChargerCtrlListDlg.cpp">
      <Filter>源文件</Filter>
    </ClCompile>
    <ClCompile Include="CSetChargerCtrlDlg.cpp">
      <Filter>源文件</Filter>
    </ClCompile>
    <ClCompile Include="CCAListDlg.cpp">
      <Filter>源文件</Filter>
    </ClCompile>
    <ClCompile Include="CSetCADlg.cpp">
      <Filter>源文件</Filter>
    </ClCompile>
    <ClCompile Include="CSetTrafficDlg.cpp">
      <Filter>源文件</Filter>
    </ClCompile>
    <ClCompile Include="CTrafficListDlg.cpp">
      <Filter>源文件</Filter>
    </ClCompile>
    <ClCompile Include="CSetRestQueueDlg.cpp">
      <Filter>源文件</Filter>
    </ClCompile>
    <ClCompile Include="CRestQueueListDlg.cpp">
      <Filter>源文件</Filter>
    </ClCompile>
    <ClCompile Include="CSetCallDlg.cpp">
      <Filter>源文件</Filter>
    </ClCompile>
    <ClCompile Include="CCallListDlg.cpp">
      <Filter>源文件</Filter>
    </ClCompile>
    <ClCompile Include="CSetWatchDlg.cpp">
      <Filter>源文件</Filter>
    </ClCompile>
    <ClCompile Include="CWatchListDlg.cpp">
      <Filter>源文件</Filter>
    </ClCompile>
  </ItemGroup>
  <ItemGroup>
    <Midl Include="MapCreater.idl">
      <Filter>源文件</Filter>
    </Midl>
  </ItemGroup>
  <ItemGroup>
    <None Include="MapCreater.reg" />
    <None Include="res\MapCreater.rc2">
      <Filter>资源文件</Filter>
    </None>
    <None Include="cpp.hint" />
  </ItemGroup>
  <ItemGroup>
    <ResourceCompile Include="MapCreater.rc">
      <Filter>资源文件</Filter>
    </ResourceCompile>
  </ItemGroup>
  <ItemGroup>
    <Image Include="res\userimages.bmp">
      <Filter>资源文件</Filter>
    </Image>
    <Image Include="res\MapCreaterDoc.ico">
      <Filter>资源文件</Filter>
    </Image>
    <Image Include="res\MapCreater.ico">
      <Filter>资源文件</Filter>
    </Image>
    <Image Include="res\Toolbar.bmp">
      <Filter>资源文件</Filter>
    </Image>
    <Image Include="res\Toolbar256.bmp">
      <Filter>资源文件</Filter>
    </Image>
  </ItemGroup>
  <ItemGroup>
    <Xml Include="Map.xml" />
  </ItemGroup>
</Project>